// !$*UTF8*$!
{
	archiveVersion = 1;
	classes = {
	};
	objectVersion = 48;
	objects = {

/* Begin PBXBuildFile section */
		6B72E6E7202216E100BECB78 /* AppDelegate.m in Sources */ = {isa = PBXBuildFile; fileRef = 6B72E6E6202216E100BECB78 /* AppDelegate.m */; };
		6B72E6E9202216E100BECB78 /* art.scnassets in Resources */ = {isa = PBXBuildFile; fileRef = 6B72E6E8202216E100BECB78 /* art.scnassets */; };
		6B72E6EC202216E100BECB78 /* GameViewController.m in Sources */ = {isa = PBXBuildFile; fileRef = 6B72E6EB202216E100BECB78 /* GameViewController.m */; };
		6B72E6EF202216E100BECB78 /* Main.storyboard in Resources */ = {isa = PBXBuildFile; fileRef = 6B72E6ED202216E100BECB78 /* Main.storyboard */; };
		6B72E6F1202216E100BECB78 /* Assets.xcassets in Resources */ = {isa = PBXBuildFile; fileRef = 6B72E6F0202216E100BECB78 /* Assets.xcassets */; };
		6B72E6F4202216E100BECB78 /* LaunchScreen.storyboard in Resources */ = {isa = PBXBuildFile; fileRef = 6B72E6F2202216E100BECB78 /* LaunchScreen.storyboard */; };
		6B72E6F7202216E100BECB78 /* main.m in Sources */ = {isa = PBXBuildFile; fileRef = 6B72E6F6202216E100BECB78 /* main.m */; };
		6BA8ADE62022184F00855607 /* MenuOverlayView.m in Sources */ = {isa = PBXBuildFile; fileRef = 6BA8ADE42022184E00855607 /* MenuOverlayView.m */; };
/* End PBXBuildFile section */

/* Begin PBXFileReference section */
		6B72E6E2202216E100BECB78 /* ScreenSpaceRotationAndPan.app */ = {isa = PBXFileReference; explicitFileType = wrapper.application; includeInIndex = 0; path = ScreenSpaceRotationAndPan.app; sourceTree = BUILT_PRODUCTS_DIR; };
		6B72E6E5202216E100BECB78 /* AppDelegate.h */ = {isa = PBXFileReference; lastKnownFileType = sourcecode.c.h; path = AppDelegate.h; sourceTree = "<group>"; };
		6B72E6E6202216E100BECB78 /* AppDelegate.m */ = {isa = PBXFileReference; lastKnownFileType = sourcecode.c.objc; path = AppDelegate.m; sourceTree = "<group>"; };
		6B72E6E8202216E100BECB78 /* art.scnassets */ = {isa = PBXFileReference; lastKnownFileType = wrapper.scnassets; path = art.scnassets; sourceTree = "<group>"; };
		6B72E6EA202216E100BECB78 /* GameViewController.h */ = {isa = PBXFileReference; lastKnownFileType = sourcecode.c.h; path = GameViewController.h; sourceTree = "<group>"; };
		6B72E6EB202216E100BECB78 /* GameViewController.m */ = {isa = PBXFileReference; lastKnownFileType = sourcecode.c.objc; path = GameViewController.m; sourceTree = "<group>"; };
		6B72E6EE202216E100BECB78 /* Base */ = {isa = PBXFileReference; lastKnownFileType = file.storyboard; name = Base; path = Base.lproj/Main.storyboard; sourceTree = "<group>"; };
		6B72E6F0202216E100BECB78 /* Assets.xcassets */ = {isa = PBXFileReference; lastKnownFileType = folder.assetcatalog; path = Assets.xcassets; sourceTree = "<group>"; };
		6B72E6F3202216E100BECB78 /* Base */ = {isa = PBXFileReference; lastKnownFileType = file.storyboard; name = Base; path = Base.lproj/LaunchScreen.storyboard; sourceTree = "<group>"; };
		6B72E6F5202216E100BECB78 /* Info.plist */ = {isa = PBXFileReference; lastKnownFileType = text.plist.xml; path = Info.plist; sourceTree = "<group>"; };
		6B72E6F6202216E100BECB78 /* main.m */ = {isa = PBXFileReference; lastKnownFileType = sourcecode.c.objc; path = main.m; sourceTree = "<group>"; };
		6BA8ADE42022184E00855607 /* MenuOverlayView.m */ = {isa = PBXFileReference; fileEncoding = 4; lastKnownFileType = sourcecode.c.objc; path = MenuOverlayView.m; sourceTree = "<group>"; };
		6BA8ADE52022184F00855607 /* MenuOverlayView.h */ = {isa = PBXFileReference; fileEncoding = 4; lastKnownFileType = sourcecode.c.h; path = MenuOverlayView.h; sourceTree = "<group>"; };
/* End PBXFileReference section */

/* Begin PBXFrameworksBuildPhase section */
		6B72E6DF202216E100BECB78 /* Frameworks */ = {
			isa = PBXFrameworksBuildPhase;
			buildActionMask = 2147483647;
			files = (
			);
			runOnlyForDeploymentPostprocessing = 0;
		};
/* End PBXFrameworksBuildPhase section */

/* Begin PBXGroup section */
		6B72E6D9202216E000BECB78 = {
			isa = PBXGroup;
			children = (
				6B72E6E4202216E100BECB78 /* ScreenSpaceRotationAndPan */,
				6B72E6E3202216E100BECB78 /* Products */,
			);
			sourceTree = "<group>";
		};
		6B72E6E3202216E100BECB78 /* Products */ = {
			isa = PBXGroup;
			children = (
				6B72E6E2202216E100BECB78 /* ScreenSpaceRotationAndPan.app */,
			);
			name = Products;
			sourceTree = "<group>";
		};
		6B72E6E4202216E100BECB78 /* ScreenSpaceRotationAndPan */ = {
			isa = PBXGroup;
			children = (
				6B72E6E5202216E100BECB78 /* AppDelegate.h */,
				6B72E6E6202216E100BECB78 /* AppDelegate.m */,
				6B72E6E8202216E100BECB78 /* art.scnassets */,
				6B72E6EA202216E100BECB78 /* GameViewController.h */,
				6B72E6EB202216E100BECB78 /* GameViewController.m */,
				6BA8ADE52022184F00855607 /* MenuOverlayView.h */,
				6BA8ADE42022184E00855607 /* MenuOverlayView.m */,
				6B72E6ED202216E100BECB78 /* Main.storyboard */,
				6B72E6F0202216E100BECB78 /* Assets.xcassets */,
				6B72E6F2202216E100BECB78 /* LaunchScreen.storyboard */,
				6B72E6F5202216E100BECB78 /* Info.plist */,
				6B72E6F6202216E100BECB78 /* main.m */,
			);
			path = ScreenSpaceRotationAndPan;
			sourceTree = "<group>";
		};
/* End PBXGroup section */

/* Begin PBXNativeTarget section */
		6B72E6E1202216E100BECB78 /* ScreenSpaceRotationAndPan */ = {
			isa = PBXNativeTarget;
			buildConfigurationList = 6B72E6FA202216E100BECB78 /* Build configuration list for PBXNativeTarget "ScreenSpaceRotationAndPan" */;
			buildPhases = (
				6B72E6DE202216E100BECB78 /* Sources */,
				6B72E6DF202216E100BECB78 /* Frameworks */,
				6B72E6E0202216E100BECB78 /* Resources */,
			);
			buildRules = (
			);
			dependencies = (
			);
			name = ScreenSpaceRotationAndPan;
			productName = ScreenSpaceRotationAndPan;
			productReference = 6B72E6E2202216E100BECB78 /* ScreenSpaceRotationAndPan.app */;
			productType = "com.apple.product-type.application";
		};
/* End PBXNativeTarget section */

/* Begin PBXProject section */
		6B72E6DA202216E000BECB78 /* Project object */ = {
			isa = PBXProject;
			attributes = {
				LastUpgradeCheck = 0920;
				ORGANIZATIONNAME = Xartec;
				TargetAttributes = {
					6B72E6E1202216E100BECB78 = {
						CreatedOnToolsVersion = 9.2;
						ProvisioningStyle = Automatic;
					};
				};
			};
			buildConfigurationList = 6B72E6DD202216E000BECB78 /* Build configuration list for PBXProject "ScreenSpaceRotationAndPan" */;
			compatibilityVersion = "Xcode 8.0";
			developmentRegion = en;
			hasScannedForEncodings = 0;
			knownRegions = (
				en,
				Base,
			);
			mainGroup = 6B72E6D9202216E000BECB78;
			productRefGroup = 6B72E6E3202216E100BECB78 /* Products */;
			projectDirPath = "";
			projectRoot = "";
			targets = (
				6B72E6E1202216E100BECB78 /* ScreenSpaceRotationAndPan */,
			);
		};
/* End PBXProject section */

/* Begin PBXResourcesBuildPhase section */
		6B72E6E0202216E100BECB78 /* Resources */ = {
			isa = PBXResourcesBuildPhase;
			buildActionMask = 2147483647;
			files = (
				6B72E6E9202216E100BECB78 /* art.scnassets in Resources */,
				6B72E6F4202216E100BECB78 /* LaunchScreen.storyboard in Resources */,
				6B72E6F1202216E100BECB78 /* Assets.xcassets in Resources */,
				6B72E6EF202216E100BECB78 /* Main.storyboard in Resources */,
			);
			runOnlyForDeploymentPostprocessing = 0;
		};
/* End PBXResourcesBuildPhase section */

/* Begin PBXSourcesBuildPhase section */
		6B72E6DE202216E100BECB78 /* Sources */ = {
			isa = PBXSourcesBuildPhase;
			buildActionMask = 2147483647;
			files = (
				6B72E6EC202216E100BECB78 /* GameViewController.m in Sources */,
				6B72E6F7202216E100BECB78 /* main.m in Sources */,
				6BA8ADE62022184F00855607 /* MenuOverlayView.m in Sources */,
				6B72E6E7202216E100BECB78 /* AppDelegate.m in Sources */,
			);
			runOnlyForDeploymentPostprocessing = 0;
		};
/* End PBXSourcesBuildPhase section */

/* Begin PBXVariantGroup section */
		6B72E6ED202216E100BECB78 /* Main.storyboard */ = {
			isa = PBXVariantGroup;
			children = (
				6B72E6EE202216E100BECB78 /* Base */,
			);
			name = Main.storyboard;
			sourceTree = "<group>";
		};
		6B72E6F2202216E100BECB78 /* LaunchScreen.storyboard */ = {
			isa = PBXVariantGroup;
			children = (
				6B72E6F3202216E100BECB78 /* Base */,
			);
			name = LaunchScreen.storyboard;
			sourceTree = "<group>";
		};
/* End PBXVariantGroup section */

/* Begin XCBuildConfiguration section */
		6B72E6F8202216E100BECB78 /* Debug */ = {
			isa = XCBuildConfiguration;
			buildSettings = {
				ALWAYS_SEARCH_USER_PATHS = NO;
				CLANG_ANALYZER_NONNULL = YES;
				CLANG_ANALYZER_NUMBER_OBJECT_CONVERSION = YES_AGGRESSIVE;
				CLANG_CXX_LANGUAGE_STANDARD = "gnu++14";
				CLANG_CXX_LIBRARY = "libc++";
				CLANG_ENABLE_MODULES = YES;
				CLANG_ENABLE_OBJC_ARC = YES;
				CLANG_WARN_BLOCK_CAPTURE_AUTORELEASING = YES;
				CLANG_WARN_BOOL_CONVERSION = YES;
				CLANG_WARN_COMMA = YES;
				CLANG_WARN_CONSTANT_CONVERSION = YES;
				CLANG_WARN_DIRECT_OBJC_ISA_USAGE = YES_ERROR;
				CLANG_WARN_DOCUMENTATION_COMMENTS = YES;
				CLANG_WARN_EMPTY_BODY = YES;
				CLANG_WARN_ENUM_CONVERSION = YES;
				CLANG_WARN_INFINITE_RECURSION = YES;
				CLANG_WARN_INT_CONVERSION = YES;
				CLANG_WARN_NON_LITERAL_NULL_CONVERSION = YES;
				CLANG_WARN_OBJC_LITERAL_CONVERSION = YES;
				CLANG_WARN_OBJC_ROOT_CLASS = YES_ERROR;
				CLANG_WARN_RANGE_LOOP_ANALYSIS = YES;
				CLANG_WARN_STRICT_PROTOTYPES = YES;
				CLANG_WARN_SUSPICIOUS_MOVE = YES;
				CLANG_WARN_UNGUARDED_AVAILABILITY = YES_AGGRESSIVE;
				CLANG_WARN_UNREACHABLE_CODE = YES;
				CLANG_WARN__DUPLICATE_METHOD_MATCH = YES;
				CODE_SIGN_IDENTITY = "iPhone Developer";
				COPY_PHASE_STRIP = NO;
				DEBUG_INFORMATION_FORMAT = dwarf;
				ENABLE_STRICT_OBJC_MSGSEND = YES;
				ENABLE_TESTABILITY = YES;
				GCC_C_LANGUAGE_STANDARD = gnu11;
				GCC_DYNAMIC_NO_PIC = NO;
				GCC_NO_COMMON_BLOCKS = YES;
				GCC_OPTIMIZATION_LEVEL = 0;
				GCC_PREPROCESSOR_DEFINITIONS = (
					"DEBUG=1",
					"$(inherited)",
				);
				GCC_WARN_64_TO_32_BIT_CONVERSION = YES;
				GCC_WARN_ABOUT_RETURN_TYPE = YES_ERROR;
				GCC_WARN_UNDECLARED_SELECTOR = YES;
				GCC_WARN_UNINITIALIZED_AUTOS = YES_AGGRESSIVE;
				GCC_WARN_UNUSED_FUNCTION = YES;
				GCC_WARN_UNUSED_VARIABLE = YES;
				IPHONEOS_DEPLOYMENT_TARGET = 11.2;
				MTL_ENABLE_DEBUG_INFO = YES;
				ONLY_ACTIVE_ARCH = YES;
				SDKROOT = iphoneos;
			};
			name = Debug;
		};
		6B72E6F9202216E100BECB78 /* Release */ = {
			isa = XCBuildConfiguration;
			buildSettings = {
				ALWAYS_SEARCH_USER_PATHS = NO;
				CLANG_ANALYZER_NONNULL = YES;
				CLANG_ANALYZER_NUMBER_OBJECT_CONVERSION = YES_AGGRESSIVE;
				CLANG_CXX_LANGUAGE_STANDARD = "gnu++14";
				CLANG_CXX_LIBRARY = "libc++";
				CLANG_ENABLE_MODULES = YES;
				CLANG_ENABLE_OBJC_ARC = YES;
				CLANG_WARN_BLOCK_CAPTURE_AUTORELEASING = YES;
				CLANG_WARN_BOOL_CONVERSION = YES;
				CLANG_WARN_COMMA = YES;
				CLANG_WARN_CONSTANT_CONVERSION = YES;
				CLANG_WARN_DIRECT_OBJC_ISA_USAGE = YES_ERROR;
				CLANG_WARN_DOCUMENTATION_COMMENTS = YES;
				CLANG_WARN_EMPTY_BODY = YES;
				CLANG_WARN_ENUM_CONVERSION = YES;
				CLANG_WARN_INFINITE_RECURSION = YES;
				CLANG_WARN_INT_CONVERSION = YES;
				CLANG_WARN_NON_LITERAL_NULL_CONVERSION = YES;
				CLANG_WARN_OBJC_LITERAL_CONVERSION = YES;
				CLANG_WARN_OBJC_ROOT_CLASS = YES_ERROR;
				CLANG_WARN_RANGE_LOOP_ANALYSIS = YES;
				CLANG_WARN_STRICT_PROTOTYPES = YES;
				CLANG_WARN_SUSPICIOUS_MOVE = YES;
				CLANG_WARN_UNGUARDED_AVAILABILITY = YES_AGGRESSIVE;
				CLANG_WARN_UNREACHABLE_CODE = YES;
				CLANG_WARN__DUPLICATE_METHOD_MATCH = YES;
				CODE_SIGN_IDENTITY = "iPhone Developer";
				COPY_PHASE_STRIP = NO;
				DEBUG_INFORMATION_FORMAT = "dwarf-with-dsym";
				ENABLE_NS_ASSERTIONS = NO;
				ENABLE_STRICT_OBJC_MSGSEND = YES;
				GCC_C_LANGUAGE_STANDARD = gnu11;
				GCC_NO_COMMON_BLOCKS = YES;
				GCC_WARN_64_TO_32_BIT_CONVERSION = YES;
				GCC_WARN_ABOUT_RETURN_TYPE = YES_ERROR;
				GCC_WARN_UNDECLARED_SELECTOR = YES;
				GCC_WARN_UNINITIALIZED_AUTOS = YES_AGGRESSIVE;
				GCC_WARN_UNUSED_FUNCTION = YES;
				GCC_WARN_UNUSED_VARIABLE = YES;
				IPHONEOS_DEPLOYMENT_TARGET = 11.2;
				MTL_ENABLE_DEBUG_INFO = NO;
				SDKROOT = iphoneos;
				VALIDATE_PRODUCT = YES;
			};
			name = Release;
		};
		6B72E6FB202216E100BECB78 /* Debug */ = {
			isa = XCBuildConfiguration;
			buildSettings = {
				ASSETCATALOG_COMPILER_APPICON_NAME = AppIcon;
				CODE_SIGN_STYLE = Automatic;
				DEVELOPMENT_TEAM = K6KT23669P;
				INFOPLIST_FILE = ScreenSpaceRotationAndPan/Info.plist;
				LD_RUNPATH_SEARCH_PATHS = "$(inherited) @executable_path/Frameworks";
				PRODUCT_BUNDLE_IDENTIFIER = com.xartec.ScreenSpaceRotationAndPan;
				PRODUCT_NAME = "$(TARGET_NAME)";
				TARGETED_DEVICE_FAMILY = "1,2";
			};
			name = Debug;
		};
		6B72E6FC202216E100BECB78 /* Release */ = {
			isa = XCBuildConfiguration;
			buildSettings = {
				ASSETCATALOG_COMPILER_APPICON_NAME = AppIcon;
				CODE_SIGN_STYLE = Automatic;
				DEVELOPMENT_TEAM = K6KT23669P;
				INFOPLIST_FILE = ScreenSpaceRotationAndPan/Info.plist;
				LD_RUNPATH_SEARCH_PATHS = "$(inherited) @executable_path/Frameworks";
				PRODUCT_BUNDLE_IDENTIFIER = com.xartec.ScreenSpaceRotationAndPan;
				PRODUCT_NAME = "$(TARGET_NAME)";
				TARGETED_DEVICE_FAMILY = "1,2";
			};
			name = Release;
		};
/* End XCBuildConfiguration section */

/* Begin XCConfigurationList section */
		6B72E6DD202216E000BECB78 /* Build configuration list for PBXProject "ScreenSpaceRotationAndPan" */ = {
			isa = XCConfigurationList;
			buildConfigurations = (
				6B72E6F8202216E100BECB78 /* Debug */,
				6B72E6F9202216E100BECB78 /* Release */,
			);
			defaultConfigurationIsVisible = 0;
			defaultConfigurationName = Release;
		};
		6B72E6FA202216E100BECB78 /* Build configuration list for PBXNativeTarget "ScreenSpaceRotationAndPan" */ = {
			isa = XCConfigurationList;
			buildConfigurations = (
				6B72E6FB202216E100BECB78 /* Debug */,
				6B72E6FC202216E100BECB78 /* Release */,
			);
			defaultConfigurationIsVisible = 0;
			defaultConfigurationName = Release;
		};
/* End XCConfigurationList section */
	};
	rootObject = 6B72E6DA202216E000BECB78 /* Project object */;
}
